{
  "name": "ad-external",
  "version": "1.0.0",
  "lockfileVersion": 1,
  "requires": true,
  "dependencies": {
    "ad-legacy": {
      "version": "file:../ad-legacy",
      "requires": {
        "ad-utils": "file:../ad-utils"
      },
      "dependencies": {
        "ad-utils": {
          "version": "file:../ad-utils",
          "bundled": true
        }
      }
    },
    "ad-load": {
      "version": "file:../ad-load"
    },
    "ad-utils": {
      "version": "file:../ad-utils"
    }
  }
}
