{
  "name": "ad-external",
  "version": "1.0.0",
  "lockfileVersion": 1,
  "requires": true,
  "dependencies": {
    "ad-dates": {
      "version": "file:../ad-dates",
      "requires": {
        "ad-dates": "file:../ad-dates",
        "ad-legacy": "file:../ad-legacy",
        "ad-load": "file:../ad-load",
        "ad-utils": "file:../ad-utils"
      },
      "dependencies": {
        "ad-legacy": {
          "version": "file:../ad-legacy",
          "bundled": true,
          "requires": {
            "ad-utils": "file:../ad-utils"
          },
          "dependencies": {
            "ad-utils": {
              "version": "file:../ad-utils",
              "bundled": true
            }
          }
        },
        "ad-load": {
          "version": "file:../ad-load",
          "bundled": true
        },
        "ad-utils": {
          "version": "file:../ad-utils",
          "bundled": true
        }
      }
    },
    "ad-legacy": {
      "version": "file:../ad-legacy",
      "requires": {
        "ad-utils": "file:../ad-utils"
      },
      "dependencies": {
        "ad-utils": {
          "version": "file:../ad-utils",
          "bundled": true
        }
      }
    },
    "ad-load": {
      "version": "file:../ad-load"
    },
    "ad-utils": {
      "version": "file:../ad-utils"
    }
  }
}
